
Microsoft Visual Studio Solution File, Format Version 12.00
# Visual Studio Version 17
VisualStudioVersion = 17.2.32630.192
MinimumVisualStudioVersion = 10.0.40219.1
Project("{FAE04EC0-301F-11D3-BF4B-00C04F79EFBC}") = "Exercicio-funcoes", "Exercicio-funcoes\Exercicio-funcoes.csproj", "{0B733E30-EA35-466C-ABDF-5E11DB8AA559}"
EndProject
Global
	GlobalSection(SolutionConfigurationPlatforms) = preSolution
		Debug|Any CPU = Debug|Any CPU
		Release|Any CPU = Release|Any CPU
	EndGlobalSection
	GlobalSection(ProjectConfigurationPlatforms) = postSolution
		{0B733E30-EA35-466C-ABDF-5E11DB8AA559}.Debug|Any CPU.ActiveCfg = Debug|Any CPU
		{0B733E30-EA35-466C-ABDF-5E11DB8AA559}.Debug|Any CPU.Build.0 = Debug|Any CPU
		{0B733E30-EA35-466C-ABDF-5E11DB8AA559}.Release|Any CPU.ActiveCfg = Release|Any CPU
		{0B733E30-EA35-466C-ABDF-5E11DB8AA559}.Release|Any CPU.Build.0 = Release|Any CPU
	EndGlobalSection
	GlobalSection(SolutionProperties) = preSolution
		HideSolutionNode = FALSE
	EndGlobalSection
	GlobalSection(ExtensibilityGlobals) = postSolution
		SolutionGuid = {317AF7B1-9AC5-42E5-A3BF-238C41531C43}
	EndGlobalSection
EndGlobal
